
Microsoft Visual Studio Solution File, Format Version 12.00
# Visual Studio 15
VisualStudioVersion = 15.0.28307.572
MinimumVisualStudioVersion = 10.0.40219.1
Project("{9A19103F-16F7-4668-BE54-9A1E7A4F7556}") = "Glasswall.Redact.Api", "Glasswall.Redact.Api.csproj", "{D7B3C31E-55B8-45CE-9001-5E6F3BDE3D37}"
EndProject
Project("{FAE04EC0-301F-11D3-BF4B-00C04F79EFBC}") = "Glasswall.Redact.Api.Tests", "..\Glasswall.Redact.Api.Tests\Glasswall.Redact.Api.Tests.csproj", "{D9E08DE3-68B0-4456-805A-170A03AC1EE2}"
EndProject
Global
	GlobalSection(SolutionConfigurationPlatforms) = preSolution
		Debug|Any CPU = Debug|Any CPU
		Release|Any CPU = Release|Any CPU
	EndGlobalSection
	GlobalSection(ProjectConfigurationPlatforms) = postSolution
		{D7B3C31E-55B8-45CE-9001-5E6F3BDE3D37}.Debug|Any CPU.ActiveCfg = Debug|Any CPU
		{D7B3C31E-55B8-45CE-9001-5E6F3BDE3D37}.Debug|Any CPU.Build.0 = Debug|Any CPU
		{D7B3C31E-55B8-45CE-9001-5E6F3BDE3D37}.Release|Any CPU.ActiveCfg = Release|Any CPU
		{D7B3C31E-55B8-45CE-9001-5E6F3BDE3D37}.Release|Any CPU.Build.0 = Release|Any CPU
		{D9E08DE3-68B0-4456-805A-170A03AC1EE2}.Debug|Any CPU.ActiveCfg = Debug|Any CPU
		{D9E08DE3-68B0-4456-805A-170A03AC1EE2}.Debug|Any CPU.Build.0 = Debug|Any CPU
		{D9E08DE3-68B0-4456-805A-170A03AC1EE2}.Release|Any CPU.ActiveCfg = Release|Any CPU
		{D9E08DE3-68B0-4456-805A-170A03AC1EE2}.Release|Any CPU.Build.0 = Release|Any CPU
	EndGlobalSection
	GlobalSection(SolutionProperties) = preSolution
		HideSolutionNode = FALSE
	EndGlobalSection
	GlobalSection(ExtensibilityGlobals) = postSolution
		SolutionGuid = {431AED54-E97F-4113-920A-5396B97BBF3D}
	EndGlobalSection
EndGlobal
